{
  "name": "@workspace/convex",
  "version": "1.0.0",
  "lockfileVersion": 3,
  "requires": true,
  "packages": {
    "": {
      "name": "@workspace/convex",
      "version": "1.0.0",
      "license": "ISC",
      "dependencies": {
        "@convex-dev/auth": "^0.0.80",
        "@workspace/convex": "file:",
        "convex": "^1.23.0",
        "dotenv": "^16.5.0"
      },
      "devDependencies": {
        "@types/node": "^20"
      },
      "engines": {
        "node": "20.x"
      }
    },
    "node_modules/@auth/core": {
      "version": "0.37.4",
      "resolved": "https://registry.npmjs.org/@auth/core/-/core-0.37.4.tgz",
      "integrity": "sha512-HOXJwXWXQRhbBDHlMU0K/6FT1v+wjtzdKhsNg0ZN7/gne6XPsIrjZ4daMcFnbq0Z/vsAbYBinQhhua0d77v7qw==",
      "license": "ISC",
      "peer": true,
      "dependencies": {
        "@panva/hkdf": "^1.2.1",
        "jose": "^5.9.6",
        "oauth4webapi": "^3.1.1",
        "preact": "10.24.3",
        "preact-render-to-string": "6.5.11"
      },
      "peerDependencies": {
        "@simplewebauthn/browser": "^9.0.1",
        "@simplewebauthn/server": "^9.0.2",
        "nodemailer": "^6.8.0"
      },
      "peerDependenciesMeta": {
        "@simplewebauthn/browser": {
          "optional": true
        },
        "@simplewebauthn/server": {
          "optional": true
        },
        "nodemailer": {
          "optional": true
        }
      }
    },
    "node_modules/@convex-dev/auth": {
      "version": "0.0.80",
      "resolved": "https://registry.npmjs.org/@convex-dev/auth/-/auth-0.0.80.tgz",
      "integrity": "sha512-La/cAlmSxERWW8ekJdFysMVhlkpdD7AAIaZSWCk6mIZgoZIz2uu1XbqhodNzx/8ypLu7wyOlMJqH7ZtncHYDXA==",
      "license": "Apache-2.0",
      "dependencies": {
        "arctic": "^1.2.0",
        "cookie": "^1.0.1",
        "jose": "^5.2.2",
        "jwt-decode": "^4.0.0",
        "lucia": "^3.2.0",
        "oauth4webapi": "^3.1.2",
        "oslo": "^1.1.2",
        "path-to-regexp": "^6.3.0",
        "server-only": "^0.0.1"
      },
      "bin": {
        "auth": "dist/bin.cjs"
      },
      "peerDependencies": {
        "@auth/core": "^0.37.0",
        "convex": "^1.17.0",
        "react": "^18.2.0 || ^19.0.0-0"
      },
      "peerDependenciesMeta": {
        "react": {
          "optional": true
        }
      }
    },
    "node_modules/@emnapi/core": {
      "version": "0.45.0",
      "resolved": "https://registry.npmjs.org/@emnapi/core/-/core-0.45.0.tgz",
      "integrity": "sha512-DPWjcUDQkCeEM4VnljEOEcXdAD7pp8zSZsgOujk/LGIwCXWbXJngin+MO4zbH429lzeC3WbYLGjE2MaUOwzpyw==",
      "license": "MIT",
      "optional": true,
      "dependencies": {
        "tslib": "^2.4.0"
      }
    },
    "node_modules/@emnapi/runtime": {
      "version": "0.45.0",
      "resolved": "https://registry.npmjs.org/@emnapi/runtime/-/runtime-0.45.0.tgz",
      "integrity": "sha512-Txumi3td7J4A/xTTwlssKieHKTGl3j4A1tglBx72auZ49YK7ePY6XZricgIg9mnZT4xPfA+UPCUdnhRuEFDL+w==",
      "license": "MIT",
      "optional": true,
      "dependencies": {
        "tslib": "^2.4.0"
      }
    },
    "node_modules/@esbuild/aix-ppc64": {
      "version": "0.25.1",
      "resolved": "https://registry.npmjs.org/@esbuild/aix-ppc64/-/aix-ppc64-0.25.1.tgz",
      "integrity": "sha512-kfYGy8IdzTGy+z0vFGvExZtxkFlA4zAxgKEahG9KE1ScBjpQnFsNOX8KTU5ojNru5ed5CVoJYXFtoxaq5nFbjQ==",
      "cpu": [
        "ppc64"
      ],
      "optional": true,
      "os": [
        "aix"
      ],
      "engines": {
        "node": ">=18"
      }
    },
    "node_modules/@esbuild/android-arm": {
      "version": "0.25.1",
      "resolved": "https://registry.npmjs.org/@esbuild/android-arm/-/android-arm-0.25.1.tgz",
      "integrity": "sha512-dp+MshLYux6j/JjdqVLnMglQlFu+MuVeNrmT5nk6q07wNhCdSnB7QZj+7G8VMUGh1q+vj2Bq8kRsuyA00I/k+Q==",
      "cpu": [
        "arm"
      ],
      "optional": true,
      "os": [
        "android"
      ],
      "engines": {
        "node": ">=18"
      }
    },
    "node_modules/@esbuild/android-arm64": {
      "version": "0.25.1",
      "resolved": "https://registry.npmjs.org/@esbuild/android-arm64/-/android-arm64-0.25.1.tgz",
      "integrity": "sha512-50tM0zCJW5kGqgG7fQ7IHvQOcAn9TKiVRuQ/lN0xR+T2lzEFvAi1ZcS8DiksFcEpf1t/GYOeOfCAgDHFpkiSmA==",
      "cpu": [
        "arm64"
      ],
      "optional": true,
      "os": [
        "android"
      ],
      "engines": {
        "node": ">=18"
      }
    },
    "node_modules/@esbuild/android-x64": {
      "version": "0.25.1",
      "resolved": "https://registry.npmjs.org/@esbuild/android-x64/-/android-x64-0.25.1.tgz",
      "integrity": "sha512-GCj6WfUtNldqUzYkN/ITtlhwQqGWu9S45vUXs7EIYf+7rCiiqH9bCloatO9VhxsL0Pji+PF4Lz2XXCES+Q8hDw==",
      "cpu": [
        "x64"
      ],
      "optional": true,
      "os": [
        "android"
      ],
      "engines": {
        "node": ">=18"
      }
    },
    "node_modules/@esbuild/darwin-arm64": {
      "version": "0.25.1",
      "resolved": "https://registry.npmjs.org/@esbuild/darwin-arm64/-/darwin-arm64-0.25.1.tgz",
      "integrity": "sha512-5hEZKPf+nQjYoSr/elb62U19/l1mZDdqidGfmFutVUjjUZrOazAtwK+Kr+3y0C/oeJfLlxo9fXb1w7L+P7E4FQ==",
      "cpu": [
        "arm64"
      ],
      "optional": true,
      "os": [
        "darwin"
      ],
      "engines": {
        "node": ">=18"
      }
    },
    "node_modules/@esbuild/darwin-x64": {
      "version": "0.25.1",
      "resolved": "https://registry.npmjs.org/@esbuild/darwin-x64/-/darwin-x64-0.25.1.tgz",
      "integrity": "sha512-hxVnwL2Dqs3fM1IWq8Iezh0cX7ZGdVhbTfnOy5uURtao5OIVCEyj9xIzemDi7sRvKsuSdtCAhMKarxqtlyVyfA==",
      "cpu": [
        "x64"
      ],
      "optional": true,
      "os": [
        "darwin"
      ],
      "engines": {
        "node": ">=18"
      }
    },
    "node_modules/@esbuild/freebsd-arm64": {
      "version": "0.25.1",
      "resolved": "https://registry.npmjs.org/@esbuild/freebsd-arm64/-/freebsd-arm64-0.25.1.tgz",
      "integrity": "sha512-1MrCZs0fZa2g8E+FUo2ipw6jw5qqQiH+tERoS5fAfKnRx6NXH31tXBKI3VpmLijLH6yriMZsxJtaXUyFt/8Y4A==",
      "cpu": [
        "arm64"
      ],
      "optional": true,
      "os": [
        "freebsd"
      ],
      "engines": {
        "node": ">=18"
      }
    },
    "node_modules/@esbuild/freebsd-x64": {
      "version": "0.25.1",
      "resolved": "https://registry.npmjs.org/@esbuild/freebsd-x64/-/freebsd-x64-0.25.1.tgz",
      "integrity": "sha512-0IZWLiTyz7nm0xuIs0q1Y3QWJC52R8aSXxe40VUxm6BB1RNmkODtW6LHvWRrGiICulcX7ZvyH6h5fqdLu4gkww==",
      "cpu": [
        "x64"
      ],
      "optional": true,
      "os": [
        "freebsd"
      ],
      "engines": {
        "node": ">=18"
      }
    },
    "node_modules/@esbuild/linux-arm": {
      "version": "0.25.1",
      "resolved": "https://registry.npmjs.org/@esbuild/linux-arm/-/linux-arm-0.25.1.tgz",
      "integrity": "sha512-NdKOhS4u7JhDKw9G3cY6sWqFcnLITn6SqivVArbzIaf3cemShqfLGHYMx8Xlm/lBit3/5d7kXvriTUGa5YViuQ==",
      "cpu": [
        "arm"
      ],
      "optional": true,
      "os": [
        "linux"
      ],
      "engines": {
        "node": ">=18"
      }
    },
    "node_modules/@esbuild/linux-arm64": {
      "version": "0.25.1",
      "resolved": "https://registry.npmjs.org/@esbuild/linux-arm64/-/linux-arm64-0.25.1.tgz",
      "integrity": "sha512-jaN3dHi0/DDPelk0nLcXRm1q7DNJpjXy7yWaWvbfkPvI+7XNSc/lDOnCLN7gzsyzgu6qSAmgSvP9oXAhP973uQ==",
      "cpu": [
        "arm64"
      ],
      "optional": true,
      "os": [
        "linux"
      ],
      "engines": {
        "node": ">=18"
      }
    },
    "node_modules/@esbuild/linux-ia32": {
      "version": "0.25.1",
      "resolved": "https://registry.npmjs.org/@esbuild/linux-ia32/-/linux-ia32-0.25.1.tgz",
      "integrity": "sha512-OJykPaF4v8JidKNGz8c/q1lBO44sQNUQtq1KktJXdBLn1hPod5rE/Hko5ugKKZd+D2+o1a9MFGUEIUwO2YfgkQ==",
      "cpu": [
        "ia32"
      ],
      "optional": true,
      "os": [
        "linux"
      ],
      "engines": {
        "node": ">=18"
      }
    },
    "node_modules/@esbuild/linux-loong64": {
      "version": "0.25.1",
      "resolved": "https://registry.npmjs.org/@esbuild/linux-loong64/-/linux-loong64-0.25.1.tgz",
      "integrity": "sha512-nGfornQj4dzcq5Vp835oM/o21UMlXzn79KobKlcs3Wz9smwiifknLy4xDCLUU0BWp7b/houtdrgUz7nOGnfIYg==",
      "cpu": [
        "loong64"
      ],
      "optional": true,
      "os": [
        "linux"
      ],
      "engines": {
        "node": ">=18"
      }
    },
    "node_modules/@esbuild/linux-mips64el": {
      "version": "0.25.1",
      "resolved": "https://registry.npmjs.org/@esbuild/linux-mips64el/-/linux-mips64el-0.25.1.tgz",
      "integrity": "sha512-1osBbPEFYwIE5IVB/0g2X6i1qInZa1aIoj1TdL4AaAb55xIIgbg8Doq6a5BzYWgr+tEcDzYH67XVnTmUzL+nXg==",
      "cpu": [
        "mips64el"
      ],
      "optional": true,
      "os": [
        "linux"
      ],
      "engines": {
        "node": ">=18"
      }
    },
    "node_modules/@esbuild/linux-ppc64": {
      "version": "0.25.1",
      "resolved": "https://registry.npmjs.org/@esbuild/linux-ppc64/-/linux-ppc64-0.25.1.tgz",
      "integrity": "sha512-/6VBJOwUf3TdTvJZ82qF3tbLuWsscd7/1w+D9LH0W/SqUgM5/JJD0lrJ1fVIfZsqB6RFmLCe0Xz3fmZc3WtyVg==",
      "cpu": [
        "ppc64"
      ],
      "optional": true,
      "os": [
        "linux"
      ],
      "engines": {
        "node": ">=18"
      }
    },
    "node_modules/@esbuild/linux-riscv64": {
      "version": "0.25.1",
      "resolved": "https://registry.npmjs.org/@esbuild/linux-riscv64/-/linux-riscv64-0.25.1.tgz",
      "integrity": "sha512-nSut/Mx5gnilhcq2yIMLMe3Wl4FK5wx/o0QuuCLMtmJn+WeWYoEGDN1ipcN72g1WHsnIbxGXd4i/MF0gTcuAjQ==",
      "cpu": [
        "riscv64"
      ],
      "optional": true,
      "os": [
        "linux"
      ],
      "engines": {
        "node": ">=18"
      }
    },
    "node_modules/@esbuild/linux-s390x": {
      "version": "0.25.1",
      "resolved": "https://registry.npmjs.org/@esbuild/linux-s390x/-/linux-s390x-0.25.1.tgz",
      "integrity": "sha512-cEECeLlJNfT8kZHqLarDBQso9a27o2Zd2AQ8USAEoGtejOrCYHNtKP8XQhMDJMtthdF4GBmjR2au3x1udADQQQ==",
      "cpu": [
        "s390x"
      ],
      "optional": true,
      "os": [
        "linux"
      ],
      "engines": {
        "node": ">=18"
      }
    },
    "node_modules/@esbuild/linux-x64": {
      "version": "0.25.1",
      "resolved": "https://registry.npmjs.org/@esbuild/linux-x64/-/linux-x64-0.25.1.tgz",
      "integrity": "sha512-xbfUhu/gnvSEg+EGovRc+kjBAkrvtk38RlerAzQxvMzlB4fXpCFCeUAYzJvrnhFtdeyVCDANSjJvOvGYoeKzFA==",
      "cpu": [
        "x64"
      ],
      "optional": true,
      "os": [
        "linux"
      ],
      "engines": {
        "node": ">=18"
      }
    },
    "node_modules/@esbuild/netbsd-arm64": {
      "version": "0.25.1",
      "resolved": "https://registry.npmjs.org/@esbuild/netbsd-arm64/-/netbsd-arm64-0.25.1.tgz",
      "integrity": "sha512-O96poM2XGhLtpTh+s4+nP7YCCAfb4tJNRVZHfIE7dgmax+yMP2WgMd2OecBuaATHKTHsLWHQeuaxMRnCsH8+5g==",
      "cpu": [
        "arm64"
      ],
      "optional": true,
      "os": [
        "netbsd"
      ],
      "engines": {
        "node": ">=18"
      }
    },
    "node_modules/@esbuild/netbsd-x64": {
      "version": "0.25.1",
      "resolved": "https://registry.npmjs.org/@esbuild/netbsd-x64/-/netbsd-x64-0.25.1.tgz",
      "integrity": "sha512-X53z6uXip6KFXBQ+Krbx25XHV/NCbzryM6ehOAeAil7X7oa4XIq+394PWGnwaSQ2WRA0KI6PUO6hTO5zeF5ijA==",
      "cpu": [
        "x64"
      ],
      "optional": true,
      "os": [
        "netbsd"
      ],
      "engines": {
        "node": ">=18"
      }
    },
    "node_modules/@esbuild/openbsd-arm64": {
      "version": "0.25.1",
      "resolved": "https://registry.npmjs.org/@esbuild/openbsd-arm64/-/openbsd-arm64-0.25.1.tgz",
      "integrity": "sha512-Na9T3szbXezdzM/Kfs3GcRQNjHzM6GzFBeU1/6IV/npKP5ORtp9zbQjvkDJ47s6BCgaAZnnnu/cY1x342+MvZg==",
      "cpu": [
        "arm64"
      ],
      "optional": true,
      "os": [
        "openbsd"
      ],
      "engines": {
        "node": ">=18"
      }
    },
    "node_modules/@esbuild/openbsd-x64": {
      "version": "0.25.1",
      "resolved": "https://registry.npmjs.org/@esbuild/openbsd-x64/-/openbsd-x64-0.25.1.tgz",
      "integrity": "sha512-T3H78X2h1tszfRSf+txbt5aOp/e7TAz3ptVKu9Oyir3IAOFPGV6O9c2naym5TOriy1l0nNf6a4X5UXRZSGX/dw==",
      "cpu": [
        "x64"
      ],
      "optional": true,
      "os": [
        "openbsd"
      ],
      "engines": {
        "node": ">=18"
      }
    },
    "node_modules/@esbuild/sunos-x64": {
      "version": "0.25.1",
      "resolved": "https://registry.npmjs.org/@esbuild/sunos-x64/-/sunos-x64-0.25.1.tgz",
      "integrity": "sha512-2H3RUvcmULO7dIE5EWJH8eubZAI4xw54H1ilJnRNZdeo8dTADEZ21w6J22XBkXqGJbe0+wnNJtw3UXRoLJnFEg==",
      "cpu": [
        "x64"
      ],
      "optional": true,
      "os": [
        "sunos"
      ],
      "engines": {
        "node": ">=18"
      }
    },
    "node_modules/@esbuild/win32-arm64": {
      "version": "0.25.1",
      "resolved": "https://registry.npmjs.org/@esbuild/win32-arm64/-/win32-arm64-0.25.1.tgz",
      "integrity": "sha512-GE7XvrdOzrb+yVKB9KsRMq+7a2U/K5Cf/8grVFRAGJmfADr/e/ODQ134RK2/eeHqYV5eQRFxb1hY7Nr15fv1NQ==",
      "cpu": [
        "arm64"
      ],
      "optional": true,
      "os": [
        "win32"
      ],
      "engines": {
        "node": ">=18"
      }
    },
    "node_modules/@esbuild/win32-ia32": {
      "version": "0.25.1",
      "resolved": "https://registry.npmjs.org/@esbuild/win32-ia32/-/win32-ia32-0.25.1.tgz",
      "integrity": "sha512-uOxSJCIcavSiT6UnBhBzE8wy3n0hOkJsBOzy7HDAuTDE++1DJMRRVCPGisULScHL+a/ZwdXPpXD3IyFKjA7K8A==",
      "cpu": [
        "ia32"
      ],
      "optional": true,
      "os": [
        "win32"
      ],
      "engines": {
        "node": ">=18"
      }
    },
    "node_modules/@esbuild/win32-x64": {
      "version": "0.25.1",
      "resolved": "https://registry.npmjs.org/@esbuild/win32-x64/-/win32-x64-0.25.1.tgz",
      "integrity": "sha512-Y1EQdcfwMSeQN/ujR5VayLOJ1BHaK+ssyk0AEzPjC+t1lITgsnccPqFjb6V+LsTp/9Iov4ysfjxLaGJ9RPtkVg==",
      "cpu": [
        "x64"
      ],
      "optional": true,
      "os": [
        "win32"
      ],
      "engines": {
        "node": ">=18"
      }
    },
    "node_modules/@node-rs/argon2": {
      "version": "1.7.0",
      "resolved": "https://registry.npmjs.org/@node-rs/argon2/-/argon2-1.7.0.tgz",
      "integrity": "sha512-zfULc+/tmcWcxn+nHkbyY8vP3+MpEqKORbszt4UkpqZgBgDAAIYvuDN/zukfTgdmo6tmJKKVfzigZOPk4LlIog==",
      "license": "MIT",
      "engines": {
        "node": ">= 10"
      },
      "optionalDependencies": {
        "@node-rs/argon2-android-arm-eabi": "1.7.0",
        "@node-rs/argon2-android-arm64": "1.7.0",
        "@node-rs/argon2-darwin-arm64": "1.7.0",
        "@node-rs/argon2-darwin-x64": "1.7.0",
        "@node-rs/argon2-freebsd-x64": "1.7.0",
        "@node-rs/argon2-linux-arm-gnueabihf": "1.7.0",
        "@node-rs/argon2-linux-arm64-gnu": "1.7.0",
        "@node-rs/argon2-linux-arm64-musl": "1.7.0",
        "@node-rs/argon2-linux-x64-gnu": "1.7.0",
        "@node-rs/argon2-linux-x64-musl": "1.7.0",
        "@node-rs/argon2-wasm32-wasi": "1.7.0",
        "@node-rs/argon2-win32-arm64-msvc": "1.7.0",
        "@node-rs/argon2-win32-ia32-msvc": "1.7.0",
        "@node-rs/argon2-win32-x64-msvc": "1.7.0"
      }
    },
    "node_modules/@node-rs/argon2-android-arm-eabi": {
      "version": "1.7.0",
      "resolved": "https://registry.npmjs.org/@node-rs/argon2-android-arm-eabi/-/argon2-android-arm-eabi-1.7.0.tgz",
      "integrity": "sha512-udDqkr5P9E+wYX1SZwAVPdyfYvaF4ry9Tm+R9LkfSHbzWH0uhU6zjIwNRp7m+n4gx691rk+lqqDAIP8RLKwbhg==",
      "cpu": [
        "arm"
      ],
      "license": "MIT",
      "optional": true,
      "os": [
        "android"
      ],
      "engines": {
        "node": ">= 10"
      }
    },
    "node_modules/@node-rs/argon2-android-arm64": {
      "version": "1.7.0",
      "resolved": "https://registry.npmjs.org/@node-rs/argon2-android-arm64/-/argon2-android-arm64-1.7.0.tgz",
      "integrity": "sha512-s9j/G30xKUx8WU50WIhF0fIl1EdhBGq0RQ06lEhZ0Gi0ap8lhqbE2Bn5h3/G2D1k0Dx+yjeVVNmt/xOQIRG38A==",
      "cpu": [
        "arm64"
      ],
      "license": "MIT",
      "optional": true,
      "os": [
        "android"
      ],
      "engines": {
        "node": ">= 10"
      }
    },
    "node_modules/@node-rs/argon2-darwin-arm64": {
      "version": "1.7.0",
      "resolved": "https://registry.npmjs.org/@node-rs/argon2-darwin-arm64/-/argon2-darwin-arm64-1.7.0.tgz",
      "integrity": "sha512-ZIz4L6HGOB9U1kW23g+m7anGNuTZ0RuTw0vNp3o+2DWpb8u8rODq6A8tH4JRL79S+Co/Nq608m9uackN2pe0Rw==",
      "cpu": [
        "arm64"
      ],
      "license": "MIT",
      "optional": true,
      "os": [
        "darwin"
      ],
      "engines": {
        "node": ">= 10"
      }
    },
    "node_modules/@node-rs/argon2-darwin-x64": {
      "version": "1.7.0",
      "resolved": "https://registry.npmjs.org/@node-rs/argon2-darwin-x64/-/argon2-darwin-x64-1.7.0.tgz",
      "integrity": "sha512-5oi/pxqVhODW/pj1+3zElMTn/YukQeywPHHYDbcAW3KsojFjKySfhcJMd1DjKTc+CHQI+4lOxZzSUzK7mI14Hw==",
      "cpu": [
        "x64"
      ],
      "license": "MIT",
      "optional": true,
      "os": [
        "darwin"
      ],
      "engines": {
        "node": ">= 10"
      }
    },
    "node_modules/@node-rs/argon2-freebsd-x64": {
      "version": "1.7.0",
      "resolved": "https://registry.npmjs.org/@node-rs/argon2-freebsd-x64/-/argon2-freebsd-x64-1.7.0.tgz",
      "integrity": "sha512-Ify08683hA4QVXYoIm5SUWOY5DPIT/CMB0CQT+IdxQAg/F+qp342+lUkeAtD5bvStQuCx/dFO3bnnzoe2clMhA==",
      "cpu": [
        "x64"
      ],
      "license": "MIT",
      "optional": true,
      "os": [
        "freebsd"
      ],
      "engines": {
        "node": ">= 10"
      }
    },
    "node_modules/@node-rs/argon2-linux-arm-gnueabihf": {
      "version": "1.7.0",
      "resolved": "https://registry.npmjs.org/@node-rs/argon2-linux-arm-gnueabihf/-/argon2-linux-arm-gnueabihf-1.7.0.tgz",
      "integrity": "sha512-7DjDZ1h5AUHAtRNjD19RnQatbhL+uuxBASuuXIBu4/w6Dx8n7YPxwTP4MXfsvuRgKuMWiOb/Ub/HJ3kXVCXRkg==",
      "cpu": [
        "arm"
      ],
      "license": "MIT",
      "optional": true,
      "os": [
        "linux"
      ],
      "engines": {
        "node": ">= 10"
      }
    },
    "node_modules/@node-rs/argon2-linux-arm64-gnu": {
      "version": "1.7.0",
      "resolved": "https://registry.npmjs.org/@node-rs/argon2-linux-arm64-gnu/-/argon2-linux-arm64-gnu-1.7.0.tgz",
      "integrity": "sha512-nJDoMP4Y3YcqGswE4DvP080w6O24RmnFEDnL0emdI8Nou17kNYBzP2546Nasx9GCyLzRcYQwZOUjrtUuQ+od2g==",
      "cpu": [
        "arm64"
      ],
      "license": "MIT",
      "optional": true,
      "os": [
        "linux"
      ],
      "engines": {
        "node": ">= 10"
      }
    },
    "node_modules/@node-rs/argon2-linux-arm64-musl": {
      "version": "1.7.0",
      "resolved": "https://registry.npmjs.org/@node-rs/argon2-linux-arm64-musl/-/argon2-linux-arm64-musl-1.7.0.tgz",
      "integrity": "sha512-BKWS8iVconhE3jrb9mj6t1J9vwUqQPpzCbUKxfTGJfc+kNL58F1SXHBoe2cDYGnHrFEHTY0YochzXoAfm4Dm/A==",
      "cpu": [
        "arm64"
      ],
      "license": "MIT",
      "optional": true,
      "os": [
        "linux"
      ],
      "engines": {
        "node": ">= 10"
      }
    },
    "node_modules/@node-rs/argon2-linux-x64-gnu": {
      "version": "1.7.0",
      "resolved": "https://registry.npmjs.org/@node-rs/argon2-linux-x64-gnu/-/argon2-linux-x64-gnu-1.7.0.tgz",
      "integrity": "sha512-EmgqZOlf4Jurk/szW1iTsVISx25bKksVC5uttJDUloTgsAgIGReCpUUO1R24pBhu9ESJa47iv8NSf3yAfGv6jQ==",
      "cpu": [
        "x64"
      ],
      "license": "MIT",
      "optional": true,
      "os": [
        "linux"
      ],
      "engines": {
        "node": ">= 10"
      }
    },
    "node_modules/@node-rs/argon2-linux-x64-musl": {
      "version": "1.7.0",
      "resolved": "https://registry.npmjs.org/@node-rs/argon2-linux-x64-musl/-/argon2-linux-x64-musl-1.7.0.tgz",
      "integrity": "sha512-/o1efYCYIxjfuoRYyBTi2Iy+1iFfhqHCvvVsnjNSgO1xWiWrX0Rrt/xXW5Zsl7vS2Y+yu8PL8KFWRzZhaVxfKA==",
      "cpu": [
        "x64"
      ],
      "license": "MIT",
      "optional": true,
      "os": [
        "linux"
      ],
      "engines": {
        "node": ">= 10"
      }
    },
    "node_modules/@node-rs/argon2-wasm32-wasi": {
      "version": "1.7.0",
      "resolved": "https://registry.npmjs.org/@node-rs/argon2-wasm32-wasi/-/argon2-wasm32-wasi-1.7.0.tgz",
      "integrity": "sha512-Evmk9VcxqnuwQftfAfYEr6YZYSPLzmKUsbFIMep5nTt9PT4XYRFAERj7wNYp+rOcBenF3X4xoB+LhwcOMTNE5w==",
      "cpu": [
        "wasm32"
      ],
      "license": "MIT",
      "optional": true,
      "dependencies": {
        "@emnapi/core": "^0.45.0",
        "@emnapi/runtime": "^0.45.0",
        "@tybys/wasm-util": "^0.8.1",
        "memfs-browser": "^3.4.13000"
      },
      "engines": {
        "node": ">=14.0.0"
      }
    },
    "node_modules/@node-rs/argon2-win32-arm64-msvc": {
      "version": "1.7.0",
      "resolved": "https://registry.npmjs.org/@node-rs/argon2-win32-arm64-msvc/-/argon2-win32-arm64-msvc-1.7.0.tgz",
      "integrity": "sha512-qgsU7T004COWWpSA0tppDqDxbPLgg8FaU09krIJ7FBl71Sz8SFO40h7fDIjfbTT5w7u6mcaINMQ5bSHu75PCaA==",
      "cpu": [
        "arm64"
      ],
      "license": "MIT",
      "optional": true,
      "os": [
        "win32"
      ],
      "engines": {
        "node": ">= 10"
      }
    },
    "node_modules/@node-rs/argon2-win32-ia32-msvc": {
      "version": "1.7.0",
      "resolved": "https://registry.npmjs.org/@node-rs/argon2-win32-ia32-msvc/-/argon2-win32-ia32-msvc-1.7.0.tgz",
      "integrity": "sha512-JGafwWYQ/HpZ3XSwP4adQ6W41pRvhcdXvpzIWtKvX+17+xEXAe2nmGWM6s27pVkg1iV2ZtoYLRDkOUoGqZkCcg==",
      "cpu": [
        "ia32"
      ],
      "license": "MIT",
      "optional": true,
      "os": [
        "win32"
      ],
      "engines": {
        "node": ">= 10"
      }
    },
    "node_modules/@node-rs/argon2-win32-x64-msvc": {
      "version": "1.7.0",
      "resolved": "https://registry.npmjs.org/@node-rs/argon2-win32-x64-msvc/-/argon2-win32-x64-msvc-1.7.0.tgz",
      "integrity": "sha512-9oq4ShyFakw8AG3mRls0AoCpxBFcimYx7+jvXeAf2OqKNO+mSA6eZ9z7KQeVCi0+SOEUYxMGf5UiGiDb9R6+9Q==",
      "cpu": [
        "x64"
      ],
      "license": "MIT",
      "optional": true,
      "os": [
        "win32"
      ],
      "engines": {
        "node": ">= 10"
      }
    },
    "node_modules/@node-rs/bcrypt": {
      "version": "1.9.0",
      "resolved": "https://registry.npmjs.org/@node-rs/bcrypt/-/bcrypt-1.9.0.tgz",
      "integrity": "sha512-u2OlIxW264bFUfvbFqDz9HZKFjwe8FHFtn7T/U8mYjPZ7DWYpbUB+/dkW/QgYfMSfR0ejkyuWaBBe0coW7/7ig==",
      "license": "MIT",
      "engines": {
        "node": ">= 10"
      },
      "funding": {
        "type": "github",
        "url": "https://github.com/sponsors/Brooooooklyn"
      },
      "optionalDependencies": {
        "@node-rs/bcrypt-android-arm-eabi": "1.9.0",
        "@node-rs/bcrypt-android-arm64": "1.9.0",
        "@node-rs/bcrypt-darwin-arm64": "1.9.0",
        "@node-rs/bcrypt-darwin-x64": "1.9.0",
        "@node-rs/bcrypt-freebsd-x64": "1.9.0",
        "@node-rs/bcrypt-linux-arm-gnueabihf": "1.9.0",
        "@node-rs/bcrypt-linux-arm64-gnu": "1.9.0",
        "@node-rs/bcrypt-linux-arm64-musl": "1.9.0",
        "@node-rs/bcrypt-linux-x64-gnu": "1.9.0",
        "@node-rs/bcrypt-linux-x64-musl": "1.9.0",
        "@node-rs/bcrypt-wasm32-wasi": "1.9.0",
        "@node-rs/bcrypt-win32-arm64-msvc": "1.9.0",
        "@node-rs/bcrypt-win32-ia32-msvc": "1.9.0",
        "@node-rs/bcrypt-win32-x64-msvc": "1.9.0"
      }
    },
    "node_modules/@node-rs/bcrypt-android-arm-eabi": {
      "version": "1.9.0",
      "resolved": "https://registry.npmjs.org/@node-rs/bcrypt-android-arm-eabi/-/bcrypt-android-arm-eabi-1.9.0.tgz",
      "integrity": "sha512-nOCFISGtnodGHNiLrG0WYLWr81qQzZKYfmwHc7muUeq+KY0sQXyHOwZk9OuNQAWv/lnntmtbwkwT0QNEmOyLvA==",
      "cpu": [
        "arm"
      ],
      "license": "MIT",
      "optional": true,
      "os": [
        "android"
      ],
      "engines": {
        "node": ">= 10"
      }
    },
    "node_modules/@node-rs/bcrypt-android-arm64": {
      "version": "1.9.0",
      "resolved": "https://registry.npmjs.org/@node-rs/bcrypt-android-arm64/-/bcrypt-android-arm64-1.9.0.tgz",
      "integrity": "sha512-+ZrIAtigVmjYkqZQTThHVlz0+TG6D+GDHWhVKvR2DifjtqJ0i+mb9gjo++hN+fWEQdWNGxKCiBBjwgT4EcXd6A==",
      "cpu": [
        "arm64"
      ],
      "license": "MIT",
      "optional": true,
      "os": [
        "android"
      ],
      "engines": {
        "node": ">= 10"
      }
    },
    "node_modules/@node-rs/bcrypt-darwin-arm64": {
      "version": "1.9.0",
      "resolved": "https://registry.npmjs.org/@node-rs/bcrypt-darwin-arm64/-/bcrypt-darwin-arm64-1.9.0.tgz",
      "integrity": "sha512-CQiS+F9Pa0XozvkXR1g7uXE9QvBOPOplDg0iCCPRYTN9PqA5qYxhwe48G3o+v2UeQceNRrbnEtWuANm7JRqIhw==",
      "cpu": [
        "arm64"
      ],
      "license": "MIT",
      "optional": true,
      "os": [
        "darwin"
      ],
      "engines": {
        "node": ">= 10"
      }
    },
    "node_modules/@node-rs/bcrypt-darwin-x64": {
      "version": "1.9.0",
      "resolved": "https://registry.npmjs.org/@node-rs/bcrypt-darwin-x64/-/bcrypt-darwin-x64-1.9.0.tgz",
      "integrity": "sha512-4pTKGawYd7sNEjdJ7R/R67uwQH1VvwPZ0SSUMmeNHbxD5QlwAPXdDH11q22uzVXsvNFZ6nGQBg8No5OUGpx6Ug==",
      "cpu": [
        "x64"
      ],
      "license": "MIT",
      "optional": true,
      "os": [
        "darwin"
      ],
      "engines": {
        "node": ">= 10"
      }
    },
    "node_modules/@node-rs/bcrypt-freebsd-x64": {
      "version": "1.9.0",
      "resolved": "https://registry.npmjs.org/@node-rs/bcrypt-freebsd-x64/-/bcrypt-freebsd-x64-1.9.0.tgz",
      "integrity": "sha512-UmWzySX4BJhT/B8xmTru6iFif3h0Rpx3TqxRLCcbgmH43r7k5/9QuhpiyzpvKGpKHJCFNm4F3rC2wghvw5FCIg==",
      "cpu": [
        "x64"
      ],
      "license": "MIT",
      "optional": true,
      "os": [
        "freebsd"
      ],
      "engines": {
        "node": ">= 10"
      }
    },
    "node_modules/@node-rs/bcrypt-linux-arm-gnueabihf": {
      "version": "1.9.0",
      "resolved": "https://registry.npmjs.org/@node-rs/bcrypt-linux-arm-gnueabihf/-/bcrypt-linux-arm-gnueabihf-1.9.0.tgz",
      "integrity": "sha512-8qoX4PgBND2cVwsbajoAWo3NwdfJPEXgpCsZQZURz42oMjbGyhhSYbovBCskGU3EBLoC8RA2B1jFWooeYVn5BA==",
      "cpu": [
        "arm"
      ],
      "license": "MIT",
      "optional": true,
      "os": [
        "linux"
      ],
      "engines": {
        "node": ">= 10"
      }
    },
    "node_modules/@node-rs/bcrypt-linux-arm64-gnu": {
      "version": "1.9.0",
      "resolved": "https://registry.npmjs.org/@node-rs/bcrypt-linux-arm64-gnu/-/bcrypt-linux-arm64-gnu-1.9.0.tgz",
      "integrity": "sha512-TuAC6kx0SbcIA4mSEWPi+OCcDjTQUMl213v5gMNlttF+D4ieIZx6pPDGTaMO6M2PDHTeCG0CBzZl0Lu+9b0c7Q==",
      "cpu": [
        "arm64"
      ],
      "license": "MIT",
      "optional": true,
      "os": [
        "linux"
      ],
      "engines": {
        "node": ">= 10"
      }
    },
    "node_modules/@node-rs/bcrypt-linux-arm64-musl": {
      "version": "1.9.0",
      "resolved": "https://registry.npmjs.org/@node-rs/bcrypt-linux-arm64-musl/-/bcrypt-linux-arm64-musl-1.9.0.tgz",
      "integrity": "sha512-/sIvKDABOI8QOEnLD7hIj02BVaNOuCIWBKvxcJOt8+TuwJ6zmY1UI5kSv9d99WbiHjTp97wtAUbZQwauU4b9ew==",
      "cpu": [
        "arm64"
      ],
      "license": "MIT",
      "optional": true,
      "os": [
        "linux"
      ],
      "engines": {
        "node": ">= 10"
      }
    },
    "node_modules/@node-rs/bcrypt-linux-x64-gnu": {
      "version": "1.9.0",
      "resolved": "https://registry.npmjs.org/@node-rs/bcrypt-linux-x64-gnu/-/bcrypt-linux-x64-gnu-1.9.0.tgz",
      "integrity": "sha512-DyyhDHDsLBsCKz1tZ1hLvUZSc1DK0FU0v52jK6IBQxrj24WscSU9zZe7ie/V9kdmA4Ep57BfpWX8Dsa2JxGdgQ==",
      "cpu": [
        "x64"
      ],
      "license": "MIT",
      "optional": true,
      "os": [
        "linux"
      ],
      "engines": {
        "node": ">= 10"
      }
    },
    "node_modules/@node-rs/bcrypt-linux-x64-musl": {
      "version": "1.9.0",
      "resolved": "https://registry.npmjs.org/@node-rs/bcrypt-linux-x64-musl/-/bcrypt-linux-x64-musl-1.9.0.tgz",
      "integrity": "sha512-duIiuqQ+Lew8ASSAYm6ZRqcmfBGWwsi81XLUwz86a2HR7Qv6V4yc3ZAUQovAikhjCsIqe8C11JlAZSK6+PlXYg==",
      "cpu": [
        "x64"
      ],
      "license": "MIT",
      "optional": true,
      "os": [
        "linux"
      ],
      "engines": {
        "node": ">= 10"
      }
    },
    "node_modules/@node-rs/bcrypt-wasm32-wasi": {
      "version": "1.9.0",
      "resolved": "https://registry.npmjs.org/@node-rs/bcrypt-wasm32-wasi/-/bcrypt-wasm32-wasi-1.9.0.tgz",
      "integrity": "sha512-ylaGmn9Wjwv/D5lxtawttx3H6Uu2WTTR7lWlRHGT6Ga/MB1Vj4OjSGUW8G8zIVnKuXpGbZ92pgHlt4HUpSLctw==",
      "cpu": [
        "wasm32"
      ],
      "license": "MIT",
      "optional": true,
      "dependencies": {
        "@emnapi/core": "^0.45.0",
        "@emnapi/runtime": "^0.45.0",
        "@tybys/wasm-util": "^0.8.1",
        "memfs-browser": "^3.4.13000"
      },
      "engines": {
        "node": ">=14.0.0"
      }
    },
    "node_modules/@node-rs/bcrypt-win32-arm64-msvc": {
      "version": "1.9.0",
      "resolved": "https://registry.npmjs.org/@node-rs/bcrypt-win32-arm64-msvc/-/bcrypt-win32-arm64-msvc-1.9.0.tgz",
      "integrity": "sha512-2h86gF7QFyEzODuDFml/Dp1MSJoZjxJ4yyT2Erf4NkwsiA5MqowUhUsorRwZhX6+2CtlGa7orbwi13AKMsYndw==",
      "cpu": [
        "arm64"
      ],
      "license": "MIT",
      "optional": true,
      "os": [
        "win32"
      ],
      "engines": {
        "node": ">= 10"
      }
    },
    "node_modules/@node-rs/bcrypt-win32-ia32-msvc": {
      "version": "1.9.0",
      "resolved": "https://registry.npmjs.org/@node-rs/bcrypt-win32-ia32-msvc/-/bcrypt-win32-ia32-msvc-1.9.0.tgz",
      "integrity": "sha512-kqxalCvhs4FkN0+gWWfa4Bdy2NQAkfiqq/CEf6mNXC13RSV673Ev9V8sRlQyNpCHCNkeXfOT9pgoBdJmMs9muA==",
      "cpu": [
        "ia32"
      ],
      "license": "MIT",
      "optional": true,
      "os": [
        "win32"
      ],
      "engines": {
        "node": ">= 10"
      }
    },
    "node_modules/@node-rs/bcrypt-win32-x64-msvc": {
      "version": "1.9.0",
      "resolved": "https://registry.npmjs.org/@node-rs/bcrypt-win32-x64-msvc/-/bcrypt-win32-x64-msvc-1.9.0.tgz",
      "integrity": "sha512-2y0Tuo6ZAT2Cz8V7DHulSlv1Bip3zbzeXyeur+uR25IRNYXKvI/P99Zl85Fbuu/zzYAZRLLlGTRe6/9IHofe/w==",
      "cpu": [
        "x64"
      ],
      "license": "MIT",
      "optional": true,
      "os": [
        "win32"
      ],
      "engines": {
        "node": ">= 10"
      }
    },
    "node_modules/@oslojs/asn1": {
      "version": "1.0.0",
      "resolved": "https://registry.npmjs.org/@oslojs/asn1/-/asn1-1.0.0.tgz",
      "integrity": "sha512-zw/wn0sj0j0QKbIXfIlnEcTviaCzYOY3V5rAyjR6YtOByFtJiT574+8p9Wlach0lZH9fddD4yb9laEAIl4vXQA==",
      "license": "MIT",
      "dependencies": {
        "@oslojs/binary": "1.0.0"
      }
    },
    "node_modules/@oslojs/binary": {
      "version": "1.0.0",
      "resolved": "https://registry.npmjs.org/@oslojs/binary/-/binary-1.0.0.tgz",
      "integrity": "sha512-9RCU6OwXU6p67H4NODbuxv2S3eenuQ4/WFLrsq+K/k682xrznH5EVWA7N4VFk9VYVcbFtKqur5YQQZc0ySGhsQ==",
      "license": "MIT"
    },
    "node_modules/@oslojs/crypto": {
      "version": "1.0.1",
      "resolved": "https://registry.npmjs.org/@oslojs/crypto/-/crypto-1.0.1.tgz",
      "integrity": "sha512-7n08G8nWjAr/Yu3vu9zzrd0L9XnrJfpMioQcvCMxBIiF5orECHe5/3J0jmXRVvgfqMm/+4oxlQ+Sq39COYLcNQ==",
      "license": "MIT",
      "dependencies": {
        "@oslojs/asn1": "1.0.0",
        "@oslojs/binary": "1.0.0"
      }
    },
    "node_modules/@oslojs/encoding": {
      "version": "1.1.0",
      "resolved": "https://registry.npmjs.org/@oslojs/encoding/-/encoding-1.1.0.tgz",
      "integrity": "sha512-70wQhgYmndg4GCPxPPxPGevRKqTIJ2Nh4OkiMWmDAVYsTQ+Ta7Sq+rPevXyXGdzr30/qZBnyOalCszoMxlyldQ==",
      "license": "MIT"
    },
    "node_modules/@panva/hkdf": {
      "version": "1.2.1",
      "resolved": "https://registry.npmjs.org/@panva/hkdf/-/hkdf-1.2.1.tgz",
      "integrity": "sha512-6oclG6Y3PiDFcoyk8srjLfVKyMfVCKJ27JwNPViuXziFpmdz+MZnZN/aKY0JGXgYuO/VghU0jcOAZgWXZ1Dmrw==",
      "license": "MIT",
      "peer": true,
      "funding": {
        "url": "https://github.com/sponsors/panva"
      }
    },
    "node_modules/@tybys/wasm-util": {
      "version": "0.8.3",
      "resolved": "https://registry.npmjs.org/@tybys/wasm-util/-/wasm-util-0.8.3.tgz",
      "integrity": "sha512-Z96T/L6dUFFxgFJ+pQtkPpne9q7i6kIPYCFnQBHSgSPV9idTsKfIhCss0h5iM9irweZCatkrdeP8yi5uM1eX6Q==",
      "license": "MIT",
      "optional": true,
      "dependencies": {
        "tslib": "^2.4.0"
      }
    },
    "node_modules/@types/node": {
      "version": "20.17.30",
      "resolved": "https://registry.npmjs.org/@types/node/-/node-20.17.30.tgz",
      "integrity": "sha512-7zf4YyHA+jvBNfVrk2Gtvs6x7E8V+YDW05bNfG2XkWDJfYRXrTiP/DsB2zSYTaHX0bGIujTBQdMVAhb+j7mwpg==",
      "dev": true,
      "license": "MIT",
      "dependencies": {
        "undici-types": "~6.19.2"
      }
    },
    "node_modules/@workspace/convex": {
      "resolved": "",
      "link": true
    },
    "node_modules/arctic": {
      "version": "1.9.2",
      "resolved": "https://registry.npmjs.org/arctic/-/arctic-1.9.2.tgz",
      "integrity": "sha512-VTnGpYx+ypboJdNrWnK17WeD7zN/xSCHnpecd5QYsBfVZde/5i+7DJ1wrf/ioSDMiEjagXmyNWAE3V2C9f1hNg==",
      "license": "MIT",
      "dependencies": {
        "oslo": "1.2.0"
      }
    },
    "node_modules/arctic/node_modules/oslo": {
      "version": "1.2.0",
      "resolved": "https://registry.npmjs.org/oslo/-/oslo-1.2.0.tgz",
      "integrity": "sha512-OoFX6rDsNcOQVAD2gQD/z03u4vEjWZLzJtwkmgfRF+KpQUXwdgEXErD7zNhyowmHwHefP+PM9Pw13pgpHMRlzw==",
      "deprecated": "Package is no longer supported. Please see https://oslojs.dev for the successor project.",
      "license": "MIT",
      "dependencies": {
        "@node-rs/argon2": "1.7.0",
        "@node-rs/bcrypt": "1.9.0"
      }
    },
    "node_modules/convex": {
      "version": "1.23.0",
      "resolved": "https://registry.npmjs.org/convex/-/convex-1.23.0.tgz",
      "integrity": "sha512-Mz2GpCrw3wXR+TWQgUjQPLkZ5ZhnSSJbvZ/+GUdBY4yMwPpoPw5T6DszAFUB2o1SKyhmyes1iYGijueNsZb/Xw==",
      "dependencies": {
        "esbuild": "0.25.1",
        "jwt-decode": "^4.0.0",
        "prettier": "3.5.2"
      },
      "bin": {
        "convex": "bin/main.js"
      },
      "engines": {
        "node": ">=18.0.0",
        "npm": ">=7.0.0"
      },
      "peerDependencies": {
        "@auth0/auth0-react": "^2.0.1",
        "@clerk/clerk-react": "^4.12.8 || ^5.0.0",
        "react": "^17.0.2 || ^18.0.0 || ^19.0.0-0 || ^19.0.0",
        "react-dom": "^17.0.2 || ^18.0.0 || ^19.0.0-0 || ^19.0.0"
      },
      "peerDependenciesMeta": {
        "@auth0/auth0-react": {
          "optional": true
        },
        "@clerk/clerk-react": {
          "optional": true
        },
        "react": {
          "optional": true
        },
        "react-dom": {
          "optional": true
        }
      }
    },
    "node_modules/cookie": {
      "version": "1.0.2",
      "resolved": "https://registry.npmjs.org/cookie/-/cookie-1.0.2.tgz",
      "integrity": "sha512-9Kr/j4O16ISv8zBBhJoi4bXOYNTkFLOqSL3UDB0njXxCXNezjeyVrJyGOWtgfs/q2km1gwBcfH8q1yEGoMYunA==",
      "license": "MIT",
      "engines": {
        "node": ">=18"
      }
    },
    "node_modules/dotenv": {
      "version": "16.5.0",
      "resolved": "https://registry.npmjs.org/dotenv/-/dotenv-16.5.0.tgz",
      "integrity": "sha512-m/C+AwOAr9/W1UOIZUo232ejMNnJAJtYQjUbHoNTBNTJSvqzzDh7vnrei3o3r3m9blf6ZoDkvcw0VmozNRFJxg==",
      "license": "BSD-2-Clause",
      "engines": {
        "node": ">=12"
      },
      "funding": {
        "url": "https://dotenvx.com"
      }
    },
    "node_modules/esbuild": {
      "version": "0.25.1",
      "resolved": "https://registry.npmjs.org/esbuild/-/esbuild-0.25.1.tgz",
      "integrity": "sha512-BGO5LtrGC7vxnqucAe/rmvKdJllfGaYWdyABvyMoXQlfYMb2bbRuReWR5tEGE//4LcNJj9XrkovTqNYRFZHAMQ==",
      "hasInstallScript": true,
      "bin": {
        "esbuild": "bin/esbuild"
      },
      "engines": {
        "node": ">=18"
      },
      "optionalDependencies": {
        "@esbuild/aix-ppc64": "0.25.1",
        "@esbuild/android-arm": "0.25.1",
        "@esbuild/android-arm64": "0.25.1",
        "@esbuild/android-x64": "0.25.1",
        "@esbuild/darwin-arm64": "0.25.1",
        "@esbuild/darwin-x64": "0.25.1",
        "@esbuild/freebsd-arm64": "0.25.1",
        "@esbuild/freebsd-x64": "0.25.1",
        "@esbuild/linux-arm": "0.25.1",
        "@esbuild/linux-arm64": "0.25.1",
        "@esbuild/linux-ia32": "0.25.1",
        "@esbuild/linux-loong64": "0.25.1",
        "@esbuild/linux-mips64el": "0.25.1",
        "@esbuild/linux-ppc64": "0.25.1",
        "@esbuild/linux-riscv64": "0.25.1",
        "@esbuild/linux-s390x": "0.25.1",
        "@esbuild/linux-x64": "0.25.1",
        "@esbuild/netbsd-arm64": "0.25.1",
        "@esbuild/netbsd-x64": "0.25.1",
        "@esbuild/openbsd-arm64": "0.25.1",
        "@esbuild/openbsd-x64": "0.25.1",
        "@esbuild/sunos-x64": "0.25.1",
        "@esbuild/win32-arm64": "0.25.1",
        "@esbuild/win32-ia32": "0.25.1",
        "@esbuild/win32-x64": "0.25.1"
      }
    },
    "node_modules/fs-monkey": {
      "version": "1.0.6",
      "resolved": "https://registry.npmjs.org/fs-monkey/-/fs-monkey-1.0.6.tgz",
      "integrity": "sha512-b1FMfwetIKymC0eioW7mTywihSQE4oLzQn1dB6rZB5fx/3NpNEdAWeCSMB+60/AeT0TCXsxzAlcYVEFCTAksWg==",
      "license": "Unlicense",
      "optional": true
    },
    "node_modules/jose": {
      "version": "5.10.0",
      "resolved": "https://registry.npmjs.org/jose/-/jose-5.10.0.tgz",
      "integrity": "sha512-s+3Al/p9g32Iq+oqXxkW//7jk2Vig6FF1CFqzVXoTUXt2qz89YWbL+OwS17NFYEvxC35n0FKeGO2LGYSxeM2Gg==",
      "license": "MIT",
      "funding": {
        "url": "https://github.com/sponsors/panva"
      }
    },
    "node_modules/jwt-decode": {
      "version": "4.0.0",
      "resolved": "https://registry.npmjs.org/jwt-decode/-/jwt-decode-4.0.0.tgz",
      "integrity": "sha512-+KJGIyHgkGuIq3IEBNftfhW/LfWhXUIY6OmyVWjliu5KH1y0fw7VQ8YndE2O4qZdMSd9SqbnC8GOcZEy0Om7sA==",
      "engines": {
        "node": ">=18"
      }
    },
    "node_modules/lucia": {
      "version": "3.2.2",
      "resolved": "https://registry.npmjs.org/lucia/-/lucia-3.2.2.tgz",
      "integrity": "sha512-P1FlFBGCMPMXu+EGdVD9W4Mjm0DqsusmKgO7Xc33mI5X1bklmsQb0hfzPhXomQr9waWIBDsiOjvr1e6BTaUqpA==",
      "license": "MIT",
      "dependencies": {
        "@oslojs/crypto": "^1.0.1",
        "@oslojs/encoding": "^1.1.0"
      }
    },
    "node_modules/memfs": {
      "version": "3.5.3",
      "resolved": "https://registry.npmjs.org/memfs/-/memfs-3.5.3.tgz",
      "integrity": "sha512-UERzLsxzllchadvbPs5aolHh65ISpKpM+ccLbOJ8/vvpBKmAWf+la7dXFy7Mr0ySHbdHrFv5kGFCUHHe6GFEmw==",
      "license": "Unlicense",
      "optional": true,
      "dependencies": {
        "fs-monkey": "^1.0.4"
      },
      "engines": {
        "node": ">= 4.0.0"
      }
    },
    "node_modules/memfs-browser": {
      "version": "3.5.10302",
      "resolved": "https://registry.npmjs.org/memfs-browser/-/memfs-browser-3.5.10302.tgz",
      "integrity": "sha512-JJTc/nh3ig05O0gBBGZjTCPOyydaTxNF0uHYBrcc1gHNnO+KIHIvo0Y1FKCJsaei6FCl8C6xfQomXqu+cuzkIw==",
      "license": "Unlicense",
      "optional": true,
      "dependencies": {
        "memfs": "3.5.3"
      }
    },
    "node_modules/oauth4webapi": {
      "version": "3.5.0",
      "resolved": "https://registry.npmjs.org/oauth4webapi/-/oauth4webapi-3.5.0.tgz",
      "integrity": "sha512-DF3mLWNuxPkxJkHmWxbSFz4aE5CjWOsm465VBfBdWzmzX4Mg3vF8icxK+iKqfdWrIumBJ2TaoNQWx+SQc2bsPQ==",
      "license": "MIT",
      "funding": {
        "url": "https://github.com/sponsors/panva"
      }
    },
    "node_modules/oslo": {
      "version": "1.2.1",
      "resolved": "https://registry.npmjs.org/oslo/-/oslo-1.2.1.tgz",
      "integrity": "sha512-HfIhB5ruTdQv0XX2XlncWQiJ5SIHZ7NHZhVyHth0CSZ/xzge00etRyYy/3wp/Dsu+PkxMC+6+B2lS/GcKoewkA==",
      "deprecated": "Package is no longer supported. Please see https://oslojs.dev for the successor project.",
      "license": "MIT",
      "dependencies": {
        "@node-rs/argon2": "1.7.0",
        "@node-rs/bcrypt": "1.9.0"
      }
    },
    "node_modules/path-to-regexp": {
      "version": "6.3.0",
      "resolved": "https://registry.npmjs.org/path-to-regexp/-/path-to-regexp-6.3.0.tgz",
      "integrity": "sha512-Yhpw4T9C6hPpgPeA28us07OJeqZ5EzQTkbfwuhsUg0c237RomFoETJgmp2sa3F/41gfLE6G5cqcYwznmeEeOlQ==",
      "license": "MIT"
    },
    "node_modules/preact": {
      "version": "10.24.3",
      "resolved": "https://registry.npmjs.org/preact/-/preact-10.24.3.tgz",
      "integrity": "sha512-Z2dPnBnMUfyQfSQ+GBdsGa16hz35YmLmtTLhM169uW944hYL6xzTYkJjC07j+Wosz733pMWx0fgON3JNw1jJQA==",
      "license": "MIT",
      "peer": true,
      "funding": {
        "type": "opencollective",
        "url": "https://opencollective.com/preact"
      }
    },
    "node_modules/preact-render-to-string": {
      "version": "6.5.11",
      "resolved": "https://registry.npmjs.org/preact-render-to-string/-/preact-render-to-string-6.5.11.tgz",
      "integrity": "sha512-ubnauqoGczeGISiOh6RjX0/cdaF8v/oDXIjO85XALCQjwQP+SB4RDXXtvZ6yTYSjG+PC1QRP2AhPgCEsM2EvUw==",
      "license": "MIT",
      "peer": true,
      "peerDependencies": {
        "preact": ">=10"
      }
    },
    "node_modules/prettier": {
      "version": "3.5.2",
      "resolved": "https://registry.npmjs.org/prettier/-/prettier-3.5.2.tgz",
      "integrity": "sha512-lc6npv5PH7hVqozBR7lkBNOGXV9vMwROAPlumdBkX0wTbbzPu/U1hk5yL8p2pt4Xoc+2mkT8t/sow2YrV/M5qg==",
      "bin": {
        "prettier": "bin/prettier.cjs"
      },
      "engines": {
        "node": ">=14"
      },
      "funding": {
        "url": "https://github.com/prettier/prettier?sponsor=1"
      }
    },
    "node_modules/react": {
      "version": "19.1.0",
      "resolved": "https://registry.npmjs.org/react/-/react-19.1.0.tgz",
      "integrity": "sha512-FS+XFBNvn3GTAWq26joslQgWNoFu08F4kl0J4CgdNKADkdSGXQyTCnKteIAJy96Br6YbpEU1LSzV5dYtjMkMDg==",
      "license": "MIT",
      "optional": true,
      "peer": true,
      "engines": {
        "node": ">=0.10.0"
      }
    },
    "node_modules/server-only": {
      "version": "0.0.1",
      "resolved": "https://registry.npmjs.org/server-only/-/server-only-0.0.1.tgz",
      "integrity": "sha512-qepMx2JxAa5jjfzxG79yPPq+8BuFToHd1hm7kI+Z4zAq1ftQiP7HcxMhDDItrbtwVeLg/cY2JnKnrcFkmiswNA==",
      "license": "MIT"
    },
    "node_modules/tslib": {
      "version": "2.8.1",
      "resolved": "https://registry.npmjs.org/tslib/-/tslib-2.8.1.tgz",
      "integrity": "sha512-oJFu94HQb+KVduSUQL7wnpmqnfmLsOA/nAh6b6EH0wCEoK0/mPeXU6c3wKDV83MkOuHPRHtSXKKU99IBazS/2w==",
      "license": "0BSD",
      "optional": true
    },
    "node_modules/undici-types": {
      "version": "6.19.8",
      "resolved": "https://registry.npmjs.org/undici-types/-/undici-types-6.19.8.tgz",
      "integrity": "sha512-ve2KP6f/JnbPBFyobGHuerC9g1FYGn/F8n1LWTwNxCEzd6IfqTwUQcNXgEtmmQ6DlRrC1hrSrBnCZPokRrDHjw==",
      "dev": true,
      "license": "MIT"
    }
  }
}
